lockfileVersion: '6.0'

settings:
  autoInstallPeers: true
  excludeLinksFromLockfile: false

dependencies:
  '@elysiajs/cors':
    specifier: ^0.6.0
    version: 0.6.0(elysia@0.6.23)
  '@elysiajs/html':
    specifier: ^0.6.5
    version: 0.6.5(elysia@0.6.23)
  '@elysiajs/static':
    specifier: ^0.6.0
    version: 0.6.0(elysia@0.6.23)
  '@elysiajs/swagger':
    specifier: ^0.6.2
    version: 0.6.2(elysia@0.6.23)
  elysia:
    specifier: ^0.6.23
    version: 0.6.23
  mitata:
    specifier: ^0.1.6
    version: 0.1.6
  typed-html:
    specifier: ^3.0.1
    version: 3.0.1

devDependencies:
  '@biomejs/biome':
    specifier: ^1.1.2
    version: 1.1.2
  bun-types:
    specifier: ^0.7.3
    version: 0.7.3

packages:

  /@biomejs/biome@1.1.2:
    resolution: {integrity: sha512-JEVWchqo0Xhl86IJgOh0xESWnNRUXBUDByCBR8TA4lIPzm/6U6Tv77+MblNkZ8MvwCtP6PlBNGdQcGKKabtuHA==}
    engines: {node: '>=14.*'}
    hasBin: true
    requiresBuild: true
    optionalDependencies:
      '@biomejs/cli-darwin-arm64': 1.1.2
      '@biomejs/cli-darwin-x64': 1.1.2
      '@biomejs/cli-linux-arm64': 1.1.2
      '@biomejs/cli-linux-x64': 1.1.2
      '@biomejs/cli-win32-arm64': 1.1.2
      '@biomejs/cli-win32-x64': 1.1.2
    dev: true

  /@biomejs/cli-darwin-arm64@1.1.2:
    resolution: {integrity: sha512-YyqWeNZchPxlvxtdo2vMBkzrwllaNS3+DZ6j01mUCVIZE9kAzF/edMV2O38L2AEtnRLU1TI1f71Jai3ThILClg==}
    engines: {node: '>=14.*'}
    cpu: [arm64]
    os: [darwin]
    requiresBuild: true
    dev: true
    optional: true

  /@biomejs/cli-darwin-x64@1.1.2:
    resolution: {integrity: sha512-Sofxcu50AHJyQS6Xx3OF2egQQ7Un5YFVF5/umNFa+kSNrrCu/ucmzrk8FcGS2dOSs4L2LqD6ZDWjvbcikjzLYQ==}
    engines: {node: '>=14.*'}
    cpu: [x64]
    os: [darwin]
    requiresBuild: true
    dev: true
    optional: true

  /@biomejs/cli-linux-arm64@1.1.2:
    resolution: {integrity: sha512-wtaQgpoVMZEKf1GlDlFGAJP1j6gnh4L4kJN8PQPOBAdKIUZ/YSjqVp0z28vli5xCQ57xCn1gH4Xoqw2gVYu1tQ==}
    engines: {node: '>=14.*'}
    cpu: [arm64]
    os: [linux]
    requiresBuild: true
    dev: true
    optional: true

  /@biomejs/cli-linux-x64@1.1.2:
    resolution: {integrity: sha512-TYIUjCXbY+kxnJgv8GESplMagB1GdOcMV21JGRATqnhUI4BvG6sjs3gfi+sdjLBQdbHhsISXW3yfUlv07HKqhg==}
    engines: {node: '>=14.*'}
    cpu: [x64]
    os: [linux]
    requiresBuild: true
    dev: true
    optional: true

  /@biomejs/cli-win32-arm64@1.1.2:
    resolution: {integrity: sha512-yApn85KuJ+Ty5zxbqWnaifX4ONtZG+snu12RNKi8fxSVVCXzQ/k2PfsWQbsyvCG05qshSvNKtM54cuf+vhUIsw==}
    engines: {node: '>=14.*'}
    cpu: [arm64]
    os: [win32]
    requiresBuild: true
    dev: true
    optional: true

  /@biomejs/cli-win32-x64@1.1.2:
    resolution: {integrity: sha512-qebNvIrFj2TJ+K0JVGo1HkgV2y5jis6aOZDC1SWuk53GnqjSLdR+p1v86ZByOjYr1v+tjc67EXmEepk06VVvpA==}
    engines: {node: '>=14.*'}
    cpu: [x64]
    os: [win32]
    requiresBuild: true
    dev: true
    optional: true

  /@elysiajs/cors@0.6.0(elysia@0.6.23):
    resolution: {integrity: sha512-TpkdYRVDLJYn9XHwO3eFu1GG1/p1xZMcujU354N0YG5pbFNy5kSeKFDZRMoh14fPvkRN7tWgRpsZfuCs15IHKA==}
    peerDependencies:
      elysia: '>= 0.5.12'
    dependencies:
      elysia: 0.6.23
    dev: false

  /@elysiajs/html@0.6.5(elysia@0.6.23):
    resolution: {integrity: sha512-MZTqp4SL6waRC02L4+QWGBTACs5mzlF+MxG5/uQsYOifEmFy32IfAgm+JLIfPVVGAo1OSaWxsnAin6gTfpE7+A==}
    peerDependencies:
      elysia: '>= 0.6.0'
    dependencies:
      '@kitajs/html': 1.4.7
      dompurify: 3.0.5
      elysia: 0.6.23
    dev: false

  /@elysiajs/static@0.6.0(elysia@0.6.23):
    resolution: {integrity: sha512-06M0J3HXQiX3BivJIMbL3WNXzudzQNHIPlU0JBZo2/gp8dX8GGOZbjIhyF6j4legEQE86omTBRHt2dUxb4yZZg==}
    peerDependencies:
      elysia: '>= 0.5.12'
    dependencies:
      elysia: 0.6.23
    dev: false

  /@elysiajs/swagger@0.6.2(elysia@0.6.23):
    resolution: {integrity: sha512-dhS97Wg1w6DLRRhJjhkPydNiK7qH9VdiqbGI6GpKQmHxVrbuC3pN0Msd0sh1g2AuuM7zyWUD0swuti5xAd6cjg==}
    peerDependencies:
      elysia: '>= 0.6.7'
    dependencies:
      '@types/lodash.clonedeep': 4.5.7
      elysia: 0.6.23
      lodash.clonedeep: 4.5.0
    dev: false

  /@kitajs/html@1.4.7:
    resolution: {integrity: sha512-ijXOFy+2t29iBi4bRQK1MLL1Xw6evadfMJB1R1CGx/T0A8B7GHyeTfFdUZMWI2P7oAwIbGYa5iW3vzaoLWsvvw==}
    engines: {node: '>=12'}
    dependencies:
      csstype: 3.1.2
    dev: false

  /@types/lodash.clonedeep@4.5.7:
    resolution: {integrity: sha512-ccNqkPptFIXrpVqUECi60/DFxjNKsfoQxSQsgcBJCX/fuX1wgyQieojkcWH/KpE3xzLoWN/2k+ZeGqIN3paSvw==}
    dependencies:
      '@types/lodash': 4.14.198
    dev: false

  /@types/lodash@4.14.198:
    resolution: {integrity: sha512-trNJ/vtMZYMLhfN45uLq4ShQSw0/S7xCTLLVM+WM1rmFpba/VS42jVUgaO3w/NOLiWR/09lnYk0yMaA/atdIsg==}
    dev: false

  /bun-types@0.7.3:
    resolution: {integrity: sha512-kssLD5mDLoawmLZFgQRRq0Wy+dca/os6TZ0MHWyFVoVAEwSrpAxmNCZ1K1GUelfhlDaL2FikRxeF9GkATdzXZg==}
    dev: true

  /csstype@3.1.2:
    resolution: {integrity: sha512-I7K1Uu0MBPzaFKg4nI5Q7Vs2t+3gWWW648spaF+Rg7pI9ds18Ugn+lvg4SHczUdKlHI5LWBXyqfS8+DufyBsgQ==}
    dev: false

  /dompurify@3.0.5:
    resolution: {integrity: sha512-F9e6wPGtY+8KNMRAVfxeCOHU0/NPWMSENNq4pQctuXRqqdEPW7q3CrLbR5Nse044WwacyjHGOMlvNsBe1y6z9A==}
    dev: false

  /elysia@0.6.23:
    resolution: {integrity: sha512-Pg4imIefGhHZsGGhfGQm6zX2fiRsN6DVoYp8gyjPQ1hvmjXBamVM5S9kAKuB6TP+E6b/KzRH+y+76PWYQpvVyQ==}
    peerDependencies:
      '@elysiajs/fn': '*'
      '@sinclair/typebox': '>= 0.28.10'
      openapi-types: '>= 12.0.0'
      typescript: '>= 5.0.0'
    peerDependenciesMeta:
      '@elysiajs/fn':
        optional: true
      '@sinclair/typebox':
        optional: true
      openapi-types:
        optional: true
      typescript:
        optional: true
    dependencies:
      fast-querystring: 1.1.2
      memoirist: 0.1.4
      mergician: 1.1.0
    dev: false

  /fast-decode-uri-component@1.0.1:
    resolution: {integrity: sha512-WKgKWg5eUxvRZGwW8FvfbaH7AXSh2cL+3j5fMGzUMCxWBJ3dV3a7Wz8y2f/uQ0e3B6WmodD3oS54jTQ9HVTIIg==}
    dev: false

  /fast-querystring@1.1.2:
    resolution: {integrity: sha512-g6KuKWmFXc0fID8WWH0jit4g0AGBoJhCkJMb1RmbsSEUNvQ+ZC8D6CUZ+GtF8nMzSPXnhiePyyqqipzNNEnHjg==}
    dependencies:
      fast-decode-uri-component: 1.0.1
    dev: false

  /lodash.clonedeep@4.5.0:
    resolution: {integrity: sha512-H5ZhCF25riFd9uB5UCkVKo61m3S/xZk1x4wA6yp/L3RFP6Z/eHH1ymQcGLo7J3GMPfm0V/7m1tryHuGVxpqEBQ==}
    dev: false

  /memoirist@0.1.4:
    resolution: {integrity: sha512-D6GbPSqO2nUVOmm7VZjJc5tC60pkOVUPzLwkKl1vCiYP+2b1cG8N9q1O3P0JmNM68u8vsgefPbxRUCSGxSXD+g==}
    dev: false

  /mergician@1.1.0:
    resolution: {integrity: sha512-FXbxzU6BBhGkV8XtUr8Sk015ZRaAALviit8Lle6OEgd1udX8wlu6tBeUMLGQGdz1MfHpAVNNQkXowyDnJuhXpA==}
    engines: {node: '>=10.0.0'}
    dev: false

  /mitata@0.1.6:
    resolution: {integrity: sha512-VKQ0r3jriTOU9E2Z+mwbZrUmbg4Li4QyFfi7kfHKl6reZhGzL0AYlu3wE0VPXzIwA5xnFzmEQoBwCcNT8stUkA==}
    dev: false

  /typed-html@3.0.1:
    resolution: {integrity: sha512-JKCM9zTfPDuPqQqdGZBWSEiItShliKkBFg5c6yOR8zth43v763XkAzTWaOlVqc0Y6p9ee8AaAbipGfUnCsYZUA==}
    engines: {node: '>=12'}
    dev: false
